
Microsoft Visual Studio Solution File, Format Version 12.00
Project("{FAE04EC0-301F-11D3-BF4B-00C04F79EFBC}") = "Task01", "Task01\Task01.csproj", "{853291E5-EF72-422D-BE19-060D41AB144A}"
EndProject
Global
	GlobalSection(SolutionConfigurationPlatforms) = preSolution
		Debug|Any CPU = Debug|Any CPU
		Release|Any CPU = Release|Any CPU
	EndGlobalSection
	GlobalSection(ProjectConfigurationPlatforms) = postSolution
		{853291E5-EF72-422D-BE19-060D41AB144A}.Debug|Any CPU.ActiveCfg = Debug|Any CPU
		{853291E5-EF72-422D-BE19-060D41AB144A}.Debug|Any CPU.Build.0 = Debug|Any CPU
		{853291E5-EF72-422D-BE19-060D41AB144A}.Release|Any CPU.ActiveCfg = Release|Any CPU
		{853291E5-EF72-422D-BE19-060D41AB144A}.Release|Any CPU.Build.0 = Release|Any CPU
	EndGlobalSection
EndGlobal
