
Microsoft Visual Studio Solution File, Format Version 12.00
Project("{FAE04EC0-301F-11D3-BF4B-00C04F79EFBC}") = "Task01", "Task01\Task01.csproj", "{03D08E45-F074-47A6-8CFD-61C32F17546E}"
EndProject
Global
	GlobalSection(SolutionConfigurationPlatforms) = preSolution
		Debug|Any CPU = Debug|Any CPU
		Release|Any CPU = Release|Any CPU
	EndGlobalSection
	GlobalSection(ProjectConfigurationPlatforms) = postSolution
		{03D08E45-F074-47A6-8CFD-61C32F17546E}.Debug|Any CPU.ActiveCfg = Debug|Any CPU
		{03D08E45-F074-47A6-8CFD-61C32F17546E}.Debug|Any CPU.Build.0 = Debug|Any CPU
		{03D08E45-F074-47A6-8CFD-61C32F17546E}.Release|Any CPU.ActiveCfg = Release|Any CPU
		{03D08E45-F074-47A6-8CFD-61C32F17546E}.Release|Any CPU.Build.0 = Release|Any CPU
	EndGlobalSection
EndGlobal
