
Microsoft Visual Studio Solution File, Format Version 12.00
Project("{FAE04EC0-301F-11D3-BF4B-00C04F79EFBC}") = "CW-10", "CW-10\CW-10.csproj", "{A988F33A-C7B8-4600-B734-59F855424492}"
EndProject
Global
	GlobalSection(SolutionConfigurationPlatforms) = preSolution
		Debug|Any CPU = Debug|Any CPU
		Release|Any CPU = Release|Any CPU
	EndGlobalSection
	GlobalSection(ProjectConfigurationPlatforms) = postSolution
		{A988F33A-C7B8-4600-B734-59F855424492}.Debug|Any CPU.ActiveCfg = Debug|Any CPU
		{A988F33A-C7B8-4600-B734-59F855424492}.Debug|Any CPU.Build.0 = Debug|Any CPU
		{A988F33A-C7B8-4600-B734-59F855424492}.Release|Any CPU.ActiveCfg = Release|Any CPU
		{A988F33A-C7B8-4600-B734-59F855424492}.Release|Any CPU.Build.0 = Release|Any CPU
	EndGlobalSection
EndGlobal
