
Microsoft Visual Studio Solution File, Format Version 12.00
# Visual Studio Version 16
VisualStudioVersion = 16.0.31911.196
MinimumVisualStudioVersion = 10.0.40219.1
Project("{9A19103F-16F7-4668-BE54-9A1E7A4F7556}") = "Task01", "Task01\Task01.csproj", "{BAEAAC16-1D53-45A6-9B5A-0CA899F7D93C}"
EndProject
Project("{9A19103F-16F7-4668-BE54-9A1E7A4F7556}") = "Task02", "Task02\Task02.csproj", "{9B7D5BBE-08BD-4323-935C-5091723412A8}"
EndProject
Global
	GlobalSection(SolutionConfigurationPlatforms) = preSolution
		Debug|Any CPU = Debug|Any CPU
		Release|Any CPU = Release|Any CPU
	EndGlobalSection
	GlobalSection(ProjectConfigurationPlatforms) = postSolution
		{BAEAAC16-1D53-45A6-9B5A-0CA899F7D93C}.Debug|Any CPU.ActiveCfg = Debug|Any CPU
		{BAEAAC16-1D53-45A6-9B5A-0CA899F7D93C}.Debug|Any CPU.Build.0 = Debug|Any CPU
		{BAEAAC16-1D53-45A6-9B5A-0CA899F7D93C}.Release|Any CPU.ActiveCfg = Release|Any CPU
		{BAEAAC16-1D53-45A6-9B5A-0CA899F7D93C}.Release|Any CPU.Build.0 = Release|Any CPU
		{9B7D5BBE-08BD-4323-935C-5091723412A8}.Debug|Any CPU.ActiveCfg = Debug|Any CPU
		{9B7D5BBE-08BD-4323-935C-5091723412A8}.Debug|Any CPU.Build.0 = Debug|Any CPU
		{9B7D5BBE-08BD-4323-935C-5091723412A8}.Release|Any CPU.ActiveCfg = Release|Any CPU
		{9B7D5BBE-08BD-4323-935C-5091723412A8}.Release|Any CPU.Build.0 = Release|Any CPU
	EndGlobalSection
	GlobalSection(SolutionProperties) = preSolution
		HideSolutionNode = FALSE
	EndGlobalSection
	GlobalSection(ExtensibilityGlobals) = postSolution
		SolutionGuid = {CB7E9C05-E91D-4888-AFD9-B3271B6F6BF4}
	EndGlobalSection
EndGlobal
